# THIS IS AN AUTOGENERATED FILE. DO NOT EDIT THIS FILE DIRECTLY.
# yarn lockfile v1


ress@^3.0.0:
  version "3.0.0"
  resolved "https://registry.yarnpkg.com/ress/-/ress-3.0.0.tgz#45ec8304b67ea114b0cec733bf2628083f35aa9c"
  integrity sha512-MTPto7t44AawqmSbEmvMKoSMWPnxjaTuHf94s7RjWxuSGFN0o8/b+6yOwkaC50+Vihjsu6ODUEQR397gTMn57w==

sass-mq@^5.0.1:
  version "5.0.1"
  resolved "https://registry.yarnpkg.com/sass-mq/-/sass-mq-5.0.1.tgz#42c711e657d884ff6a1bb4d405dfb6f08a7dc622"
  integrity sha512-ugSVZO5fzasSFrGfKCtY02spnkOOfo9U9sXuzCuSXoCl1CgcoqdJRdNmigZkhvRVph1GKM6o0pgI00Jjc445CA==

susy@^3.0.6:
  version "3.0.6"
  resolved "https://registry.yarnpkg.com/susy/-/susy-3.0.6.tgz#1aa81dff219eb4385ae2a3688874cfef51fb854f"
  integrity sha512-uf2rx5VvynBwa53eqOsis6iDmyQZOm1ydkuaMfSUo5tkp1190+BPcE/YpwFxhLHYkS/ZiiQVIJ+sKyRYl4dtiw==
